// !$*UTF8*$!
{
	archiveVersion = 1;
	classes = {
	};
	objectVersion = 46;
	objects = {

/* Begin PBXBuildFile section */
		972C58DA1EE25074008B4A81 /* Assets.xcassets in Resources */ = {isa = PBXBuildFile; fileRef = 972C58D91EE25074008B4A81 /* Assets.xcassets */; };
		972C58DD1EE25074008B4A81 /* LaunchScreen.storyboard in Resources */ = {isa = PBXBuildFile; fileRef = 972C58DB1EE25074008B4A81 /* LaunchScreen.storyboard */; };
		972C58EE1EE250D1008B4A81 /* AppDelegate.swift in Sources */ = {isa = PBXBuildFile; fileRef = 972C58E61EE250D1008B4A81 /* AppDelegate.swift */; };
		972C58EF1EE250D1008B4A81 /* Info.plist in Resources */ = {isa = PBXBuildFile; fileRef = 972C58EB1EE250D1008B4A81 /* Info.plist */; };
		972C58F11EE250EB008B4A81 /* XJBaseVC.swift in Sources */ = {isa = PBXBuildFile; fileRef = 972C58F01EE250EB008B4A81 /* XJBaseVC.swift */; };
		972C58F61EE25174008B4A81 /* XJNavigationController.swift in Sources */ = {isa = PBXBuildFile; fileRef = 972C58F41EE25174008B4A81 /* XJNavigationController.swift */; };
		972C58F71EE25174008B4A81 /* XJTabBarController.swift in Sources */ = {isa = PBXBuildFile; fileRef = 972C58F51EE25174008B4A81 /* XJTabBarController.swift */; };
		972C58F91EE25223008B4A81 /* XJBaseVC.xib in Resources */ = {isa = PBXBuildFile; fileRef = 972C58F81EE25223008B4A81 /* XJBaseVC.xib */; };
		972C58FB1EE25363008B4A81 /* Common.swift in Sources */ = {isa = PBXBuildFile; fileRef = 972C58FA1EE25363008B4A81 /* Common.swift */; };
		972C59041EE25391008B4A81 /* CALayer-Extension.swift in Sources */ = {isa = PBXBuildFile; fileRef = 972C58FD1EE25391008B4A81 /* CALayer-Extension.swift */; };
		972C59051EE25391008B4A81 /* NSMutableAttributedString-Extension.swift in Sources */ = {isa = PBXBuildFile; fileRef = 972C58FE1EE25391008B4A81 /* NSMutableAttributedString-Extension.swift */; };
		972C59061EE25391008B4A81 /* String-Extension.swift in Sources */ = {isa = PBXBuildFile; fileRef = 972C58FF1EE25391008B4A81 /* String-Extension.swift */; };
		972C59071EE25391008B4A81 /* UIBarButtonItem-Extension.swift in Sources */ = {isa = PBXBuildFile; fileRef = 972C59001EE25391008B4A81 /* UIBarButtonItem-Extension.swift */; };
		972C59081EE25391008B4A81 /* UIButton-Extension.swift in Sources */ = {isa = PBXBuildFile; fileRef = 972C59011EE25391008B4A81 /* UIButton-Extension.swift */; };
		972C59091EE25391008B4A81 /* UIColor-Extension.swift in Sources */ = {isa = PBXBuildFile; fileRef = 972C59021EE25391008B4A81 /* UIColor-Extension.swift */; };
		972C590A1EE25391008B4A81 /* UIView-Extension.swift in Sources */ = {isa = PBXBuildFile; fileRef = 972C59031EE25391008B4A81 /* UIView-Extension.swift */; };
		972C590D1EE253DD008B4A81 /* XJBaseViewCell.swift in Sources */ = {isa = PBXBuildFile; fileRef = 972C590B1EE253DD008B4A81 /* XJBaseViewCell.swift */; };
		972C590E1EE253DD008B4A81 /* XJBaseViewCell.xib in Resources */ = {isa = PBXBuildFile; fileRef = 972C590C1EE253DD008B4A81 /* XJBaseViewCell.xib */; };
		972C59111EE2553C008B4A81 /* XJPhotoBrowerVC.swift in Sources */ = {isa = PBXBuildFile; fileRef = 972C59101EE2553C008B4A81 /* XJPhotoBrowerVC.swift */; };
		972C59131EE261FC008B4A81 /* XJPhotoBrowerCell.swift in Sources */ = {isa = PBXBuildFile; fileRef = 972C59121EE261FC008B4A81 /* XJPhotoBrowerCell.swift */; };
		972C59151EE27878008B4A81 /* XJPhotoBrowerAnimator.swift in Sources */ = {isa = PBXBuildFile; fileRef = 972C59141EE27878008B4A81 /* XJPhotoBrowerAnimator.swift */; };
/* End PBXBuildFile section */

/* Begin PBXFileReference section */
		972C58CF1EE25073008B4A81 /* XJPhotoBrower.app */ = {isa = PBXFileReference; explicitFileType = wrapper.application; includeInIndex = 0; path = XJPhotoBrower.app; sourceTree = BUILT_PRODUCTS_DIR; };
		972C58D91EE25074008B4A81 /* Assets.xcassets */ = {isa = PBXFileReference; lastKnownFileType = folder.assetcatalog; path = Assets.xcassets; sourceTree = "<group>"; };
		972C58DC1EE25074008B4A81 /* Base */ = {isa = PBXFileReference; lastKnownFileType = file.storyboard; name = Base; path = Base.lproj/LaunchScreen.storyboard; sourceTree = "<group>"; };
		972C58E61EE250D1008B4A81 /* AppDelegate.swift */ = {isa = PBXFileReference; fileEncoding = 4; lastKnownFileType = sourcecode.swift; path = AppDelegate.swift; sourceTree = "<group>"; };
		972C58EB1EE250D1008B4A81 /* Info.plist */ = {isa = PBXFileReference; fileEncoding = 4; lastKnownFileType = text.plist.xml; path = Info.plist; sourceTree = "<group>"; };
		972C58F01EE250EB008B4A81 /* XJBaseVC.swift */ = {isa = PBXFileReference; fileEncoding = 4; lastKnownFileType = sourcecode.swift; path = XJBaseVC.swift; sourceTree = "<group>"; };
		972C58F41EE25174008B4A81 /* XJNavigationController.swift */ = {isa = PBXFileReference; fileEncoding = 4; lastKnownFileType = sourcecode.swift; path = XJNavigationController.swift; sourceTree = "<group>"; };
		972C58F51EE25174008B4A81 /* XJTabBarController.swift */ = {isa = PBXFileReference; fileEncoding = 4; lastKnownFileType = sourcecode.swift; path = XJTabBarController.swift; sourceTree = "<group>"; };
		972C58F81EE25223008B4A81 /* XJBaseVC.xib */ = {isa = PBXFileReference; fileEncoding = 4; lastKnownFileType = file.xib; path = XJBaseVC.xib; sourceTree = "<group>"; };
		972C58FA1EE25363008B4A81 /* Common.swift */ = {isa = PBXFileReference; fileEncoding = 4; lastKnownFileType = sourcecode.swift; path = Common.swift; sourceTree = "<group>"; };
		972C58FD1EE25391008B4A81 /* CALayer-Extension.swift */ = {isa = PBXFileReference; fileEncoding = 4; lastKnownFileType = sourcecode.swift; path = "CALayer-Extension.swift"; sourceTree = "<group>"; };
		972C58FE1EE25391008B4A81 /* NSMutableAttributedString-Extension.swift */ = {isa = PBXFileReference; fileEncoding = 4; lastKnownFileType = sourcecode.swift; path = "NSMutableAttributedString-Extension.swift"; sourceTree = "<group>"; };
		972C58FF1EE25391008B4A81 /* String-Extension.swift */ = {isa = PBXFileReference; fileEncoding = 4; lastKnownFileType = sourcecode.swift; path = "String-Extension.swift"; sourceTree = "<group>"; };
		972C59001EE25391008B4A81 /* UIBarButtonItem-Extension.swift */ = {isa = PBXFileReference; fileEncoding = 4; lastKnownFileType = sourcecode.swift; path = "UIBarButtonItem-Extension.swift"; sourceTree = "<group>"; };
		972C59011EE25391008B4A81 /* UIButton-Extension.swift */ = {isa = PBXFileReference; fileEncoding = 4; lastKnownFileType = sourcecode.swift; path = "UIButton-Extension.swift"; sourceTree = "<group>"; };
		972C59021EE25391008B4A81 /* UIColor-Extension.swift */ = {isa = PBXFileReference; fileEncoding = 4; lastKnownFileType = sourcecode.swift; path = "UIColor-Extension.swift"; sourceTree = "<group>"; };
		972C59031EE25391008B4A81 /* UIView-Extension.swift */ = {isa = PBXFileReference; fileEncoding = 4; lastKnownFileType = sourcecode.swift; path = "UIView-Extension.swift"; sourceTree = "<group>"; };
		972C590B1EE253DD008B4A81 /* XJBaseViewCell.swift */ = {isa = PBXFileReference; fileEncoding = 4; lastKnownFileType = sourcecode.swift; path = XJBaseViewCell.swift; sourceTree = "<group>"; };
		972C590C1EE253DD008B4A81 /* XJBaseViewCell.xib */ = {isa = PBXFileReference; fileEncoding = 4; lastKnownFileType = file.xib; path = XJBaseViewCell.xib; sourceTree = "<group>"; };
		972C59101EE2553C008B4A81 /* XJPhotoBrowerVC.swift */ = {isa = PBXFileReference; fileEncoding = 4; lastKnownFileType = sourcecode.swift; path = XJPhotoBrowerVC.swift; sourceTree = "<group>"; };
		972C59121EE261FC008B4A81 /* XJPhotoBrowerCell.swift */ = {isa = PBXFileReference; fileEncoding = 4; lastKnownFileType = sourcecode.swift; path = XJPhotoBrowerCell.swift; sourceTree = "<group>"; };
		972C59141EE27878008B4A81 /* XJPhotoBrowerAnimator.swift */ = {isa = PBXFileReference; fileEncoding = 4; lastKnownFileType = sourcecode.swift; path = XJPhotoBrowerAnimator.swift; sourceTree = "<group>"; };
/* End PBXFileReference section */

/* Begin PBXFrameworksBuildPhase section */
		972C58CC1EE25073008B4A81 /* Frameworks */ = {
			isa = PBXFrameworksBuildPhase;
			buildActionMask = 2147483647;
			files = (
			);
			runOnlyForDeploymentPostprocessing = 0;
		};
/* End PBXFrameworksBuildPhase section */

/* Begin PBXGroup section */
		972C58C61EE25073008B4A81 = {
			isa = PBXGroup;
			children = (
				972C58D11EE25073008B4A81 /* XJPhotoBrower */,
				972C58D01EE25073008B4A81 /* Products */,
			);
			sourceTree = "<group>";
		};
		972C58D01EE25073008B4A81 /* Products */ = {
			isa = PBXGroup;
			children = (
				972C58CF1EE25073008B4A81 /* XJPhotoBrower.app */,
			);
			name = Products;
			sourceTree = "<group>";
		};
		972C58D11EE25073008B4A81 /* XJPhotoBrower */ = {
			isa = PBXGroup;
			children = (
				972C58E51EE250D1008B4A81 /* Classes */,
				972C58E41EE25084008B4A81 /* Resource */,
			);
			path = XJPhotoBrower;
			sourceTree = "<group>";
		};
		972C58E41EE25084008B4A81 /* Resource */ = {
			isa = PBXGroup;
			children = (
				972C58D91EE25074008B4A81 /* Assets.xcassets */,
				972C58DB1EE25074008B4A81 /* LaunchScreen.storyboard */,
			);
			name = Resource;
			sourceTree = "<group>";
		};
		972C58E51EE250D1008B4A81 /* Classes */ = {
			isa = PBXGroup;
			children = (
				972C58E61EE250D1008B4A81 /* AppDelegate.swift */,
				972C590F1EE25526008B4A81 /* XJPhotoBrower */,
				972C58E71EE250D1008B4A81 /* Main */,
				972C58EC1EE250D1008B4A81 /* VC */,
				972C58ED1EE250D1008B4A81 /* View */,
				972C58FC1EE25391008B4A81 /* Extension */,
				972C58EA1EE250D1008B4A81 /* System */,
				972C58E91EE250D1008B4A81 /* Other */,
			);
			path = Classes;
			sourceTree = "<group>";
		};
		972C58E71EE250D1008B4A81 /* Main */ = {
			isa = PBXGroup;
			children = (
				972C58F41EE25174008B4A81 /* XJNavigationController.swift */,
				972C58F51EE25174008B4A81 /* XJTabBarController.swift */,
			);
			path = Main;
			sourceTree = "<group>";
		};
		972C58E91EE250D1008B4A81 /* Other */ = {
			isa = PBXGroup;
			children = (
				972C58FA1EE25363008B4A81 /* Common.swift */,
			);
			path = Other;
			sourceTree = "<group>";
		};
		972C58EA1EE250D1008B4A81 /* System */ = {
			isa = PBXGroup;
			children = (
				972C58EB1EE250D1008B4A81 /* Info.plist */,
			);
			path = System;
			sourceTree = "<group>";
		};
		972C58EC1EE250D1008B4A81 /* VC */ = {
			isa = PBXGroup;
			children = (
				972C58F01EE250EB008B4A81 /* XJBaseVC.swift */,
				972C58F81EE25223008B4A81 /* XJBaseVC.xib */,
			);
			path = VC;
			sourceTree = "<group>";
		};
		972C58ED1EE250D1008B4A81 /* View */ = {
			isa = PBXGroup;
			children = (
				972C590B1EE253DD008B4A81 /* XJBaseViewCell.swift */,
				972C590C1EE253DD008B4A81 /* XJBaseViewCell.xib */,
			);
			path = View;
			sourceTree = "<group>";
		};
		972C58FC1EE25391008B4A81 /* Extension */ = {
			isa = PBXGroup;
			children = (
				972C58FD1EE25391008B4A81 /* CALayer-Extension.swift */,
				972C58FE1EE25391008B4A81 /* NSMutableAttributedString-Extension.swift */,
				972C58FF1EE25391008B4A81 /* String-Extension.swift */,
				972C59001EE25391008B4A81 /* UIBarButtonItem-Extension.swift */,
				972C59011EE25391008B4A81 /* UIButton-Extension.swift */,
				972C59021EE25391008B4A81 /* UIColor-Extension.swift */,
				972C59031EE25391008B4A81 /* UIView-Extension.swift */,
			);
			path = Extension;
			sourceTree = "<group>";
		};
		972C590F1EE25526008B4A81 /* XJPhotoBrower */ = {
			isa = PBXGroup;
			children = (
				972C59141EE27878008B4A81 /* XJPhotoBrowerAnimator.swift */,
				972C59101EE2553C008B4A81 /* XJPhotoBrowerVC.swift */,
				972C59121EE261FC008B4A81 /* XJPhotoBrowerCell.swift */,
			);
			path = XJPhotoBrower;
			sourceTree = "<group>";
		};
/* End PBXGroup section */

/* Begin PBXNativeTarget section */
		972C58CE1EE25073008B4A81 /* XJPhotoBrower */ = {
			isa = PBXNativeTarget;
			buildConfigurationList = 972C58E11EE25074008B4A81 /* Build configuration list for PBXNativeTarget "XJPhotoBrower" */;
			buildPhases = (
				972C58CB1EE25073008B4A81 /* Sources */,
				972C58CC1EE25073008B4A81 /* Frameworks */,
				972C58CD1EE25073008B4A81 /* Resources */,
			);
			buildRules = (
			);
			dependencies = (
			);
			name = XJPhotoBrower;
			productName = XJPhotoBrower;
			productReference = 972C58CF1EE25073008B4A81 /* XJPhotoBrower.app */;
			productType = "com.apple.product-type.application";
		};
/* End PBXNativeTarget section */

/* Begin PBXProject section */
		972C58C71EE25073008B4A81 /* Project object */ = {
			isa = PBXProject;
			attributes = {
				LastSwiftUpdateCheck = 0830;
				LastUpgradeCheck = 0830;
				ORGANIZATIONNAME = shanlin;
				TargetAttributes = {
					972C58CE1EE25073008B4A81 = {
						CreatedOnToolsVersion = 8.3.2;
						DevelopmentTeam = 4A75LEU8F4;
						ProvisioningStyle = Automatic;
					};
				};
			};
			buildConfigurationList = 972C58CA1EE25073008B4A81 /* Build configuration list for PBXProject "XJPhotoBrower" */;
			compatibilityVersion = "Xcode 3.2";
			developmentRegion = English;
			hasScannedForEncodings = 0;
			knownRegions = (
				en,
				Base,
			);
			mainGroup = 972C58C61EE25073008B4A81;
			productRefGroup = 972C58D01EE25073008B4A81 /* Products */;
			projectDirPath = "";
			projectRoot = "";
			targets = (
				972C58CE1EE25073008B4A81 /* XJPhotoBrower */,
			);
		};
/* End PBXProject section */

/* Begin PBXResourcesBuildPhase section */
		972C58CD1EE25073008B4A81 /* Resources */ = {
			isa = PBXResourcesBuildPhase;
			buildActionMask = 2147483647;
			files = (
				972C590E1EE253DD008B4A81 /* XJBaseViewCell.xib in Resources */,
				972C58EF1EE250D1008B4A81 /* Info.plist in Resources */,
				972C58DD1EE25074008B4A81 /* LaunchScreen.storyboard in Resources */,
				972C58DA1EE25074008B4A81 /* Assets.xcassets in Resources */,
				972C58F91EE25223008B4A81 /* XJBaseVC.xib in Resources */,
			);
			runOnlyForDeploymentPostprocessing = 0;
		};
/* End PBXResourcesBuildPhase section */

/* Begin PBXSourcesBuildPhase section */
		972C58CB1EE25073008B4A81 /* Sources */ = {
			isa = PBXSourcesBuildPhase;
			buildActionMask = 2147483647;
			files = (
				972C59111EE2553C008B4A81 /* XJPhotoBrowerVC.swift in Sources */,
				972C590A1EE25391008B4A81 /* UIView-Extension.swift in Sources */,
				972C59131EE261FC008B4A81 /* XJPhotoBrowerCell.swift in Sources */,
				972C59051EE25391008B4A81 /* NSMutableAttributedString-Extension.swift in Sources */,
				972C58F61EE25174008B4A81 /* XJNavigationController.swift in Sources */,
				972C59061EE25391008B4A81 /* String-Extension.swift in Sources */,
				972C59081EE25391008B4A81 /* UIButton-Extension.swift in Sources */,
				972C590D1EE253DD008B4A81 /* XJBaseViewCell.swift in Sources */,
				972C58F71EE25174008B4A81 /* XJTabBarController.swift in Sources */,
				972C58EE1EE250D1008B4A81 /* AppDelegate.swift in Sources */,
				972C59041EE25391008B4A81 /* CALayer-Extension.swift in Sources */,
				972C58FB1EE25363008B4A81 /* Common.swift in Sources */,
				972C58F11EE250EB008B4A81 /* XJBaseVC.swift in Sources */,
				972C59071EE25391008B4A81 /* UIBarButtonItem-Extension.swift in Sources */,
				972C59151EE27878008B4A81 /* XJPhotoBrowerAnimator.swift in Sources */,
				972C59091EE25391008B4A81 /* UIColor-Extension.swift in Sources */,
			);
			runOnlyForDeploymentPostprocessing = 0;
		};
/* End PBXSourcesBuildPhase section */

/* Begin PBXVariantGroup section */
		972C58DB1EE25074008B4A81 /* LaunchScreen.storyboard */ = {
			isa = PBXVariantGroup;
			children = (
				972C58DC1EE25074008B4A81 /* Base */,
			);
			name = LaunchScreen.storyboard;
			sourceTree = "<group>";
		};
/* End PBXVariantGroup section */

/* Begin XCBuildConfiguration section */
		972C58DF1EE25074008B4A81 /* Debug */ = {
			isa = XCBuildConfiguration;
			buildSettings = {
				ALWAYS_SEARCH_USER_PATHS = NO;
				CLANG_ANALYZER_NONNULL = YES;
				CLANG_ANALYZER_NUMBER_OBJECT_CONVERSION = YES_AGGRESSIVE;
				CLANG_CXX_LANGUAGE_STANDARD = "gnu++0x";
				CLANG_CXX_LIBRARY = "libc++";
				CLANG_ENABLE_MODULES = YES;
				CLANG_ENABLE_OBJC_ARC = YES;
				CLANG_WARN_BOOL_CONVERSION = YES;
				CLANG_WARN_CONSTANT_CONVERSION = YES;
				CLANG_WARN_DIRECT_OBJC_ISA_USAGE = YES_ERROR;
				CLANG_WARN_DOCUMENTATION_COMMENTS = YES;
				CLANG_WARN_EMPTY_BODY = YES;
				CLANG_WARN_ENUM_CONVERSION = YES;
				CLANG_WARN_INFINITE_RECURSION = YES;
				CLANG_WARN_INT_CONVERSION = YES;
				CLANG_WARN_OBJC_ROOT_CLASS = YES_ERROR;
				CLANG_WARN_SUSPICIOUS_MOVE = YES;
				CLANG_WARN_UNREACHABLE_CODE = YES;
				CLANG_WARN__DUPLICATE_METHOD_MATCH = YES;
				"CODE_SIGN_IDENTITY[sdk=iphoneos*]" = "iPhone Developer";
				COPY_PHASE_STRIP = NO;
				DEBUG_INFORMATION_FORMAT = dwarf;
				ENABLE_STRICT_OBJC_MSGSEND = YES;
				ENABLE_TESTABILITY = YES;
				GCC_C_LANGUAGE_STANDARD = gnu99;
				GCC_DYNAMIC_NO_PIC = NO;
				GCC_NO_COMMON_BLOCKS = YES;
				GCC_OPTIMIZATION_LEVEL = 0;
				GCC_PREPROCESSOR_DEFINITIONS = (
					"DEBUG=1",
					"$(inherited)",
				);
				GCC_WARN_64_TO_32_BIT_CONVERSION = YES;
				GCC_WARN_ABOUT_RETURN_TYPE = YES_ERROR;
				GCC_WARN_UNDECLARED_SELECTOR = YES;
				GCC_WARN_UNINITIALIZED_AUTOS = YES_AGGRESSIVE;
				GCC_WARN_UNUSED_FUNCTION = YES;
				GCC_WARN_UNUSED_VARIABLE = YES;
				IPHONEOS_DEPLOYMENT_TARGET = 10.3;
				MTL_ENABLE_DEBUG_INFO = YES;
				ONLY_ACTIVE_ARCH = YES;
				SDKROOT = iphoneos;
				SWIFT_ACTIVE_COMPILATION_CONDITIONS = DEBUG;
				SWIFT_OPTIMIZATION_LEVEL = "-Onone";
			};
			name = Debug;
		};
		972C58E01EE25074008B4A81 /* Release */ = {
			isa = XCBuildConfiguration;
			buildSettings = {
				ALWAYS_SEARCH_USER_PATHS = NO;
				CLANG_ANALYZER_NONNULL = YES;
				CLANG_ANALYZER_NUMBER_OBJECT_CONVERSION = YES_AGGRESSIVE;
				CLANG_CXX_LANGUAGE_STANDARD = "gnu++0x";
				CLANG_CXX_LIBRARY = "libc++";
				CLANG_ENABLE_MODULES = YES;
				CLANG_ENABLE_OBJC_ARC = YES;
				CLANG_WARN_BOOL_CONVERSION = YES;
				CLANG_WARN_CONSTANT_CONVERSION = YES;
				CLANG_WARN_DIRECT_OBJC_ISA_USAGE = YES_ERROR;
				CLANG_WARN_DOCUMENTATION_COMMENTS = YES;
				CLANG_WARN_EMPTY_BODY = YES;
				CLANG_WARN_ENUM_CONVERSION = YES;
				CLANG_WARN_INFINITE_RECURSION = YES;
				CLANG_WARN_INT_CONVERSION = YES;
				CLANG_WARN_OBJC_ROOT_CLASS = YES_ERROR;
				CLANG_WARN_SUSPICIOUS_MOVE = YES;
				CLANG_WARN_UNREACHABLE_CODE = YES;
				CLANG_WARN__DUPLICATE_METHOD_MATCH = YES;
				"CODE_SIGN_IDENTITY[sdk=iphoneos*]" = "iPhone Developer";
				COPY_PHASE_STRIP = NO;
				DEBUG_INFORMATION_FORMAT = "dwarf-with-dsym";
				ENABLE_NS_ASSERTIONS = NO;
				ENABLE_STRICT_OBJC_MSGSEND = YES;
				GCC_C_LANGUAGE_STANDARD = gnu99;
				GCC_NO_COMMON_BLOCKS = YES;
				GCC_WARN_64_TO_32_BIT_CONVERSION = YES;
				GCC_WARN_ABOUT_RETURN_TYPE = YES_ERROR;
				GCC_WARN_UNDECLARED_SELECTOR = YES;
				GCC_WARN_UNINITIALIZED_AUTOS = YES_AGGRESSIVE;
				GCC_WARN_UNUSED_FUNCTION = YES;
				GCC_WARN_UNUSED_VARIABLE = YES;
				IPHONEOS_DEPLOYMENT_TARGET = 10.3;
				MTL_ENABLE_DEBUG_INFO = NO;
				SDKROOT = iphoneos;
				SWIFT_OPTIMIZATION_LEVEL = "-Owholemodule";
				VALIDATE_PRODUCT = YES;
			};
			name = Release;
		};
		972C58E21EE25074008B4A81 /* Debug */ = {
			isa = XCBuildConfiguration;
			buildSettings = {
				ASSETCATALOG_COMPILER_APPICON_NAME = AppIcon;
				DEVELOPMENT_TEAM = 4A75LEU8F4;
				INFOPLIST_FILE = "$(SRCROOT)/XJPhotoBrower/Classes/System/Info.plist";
				IPHONEOS_DEPLOYMENT_TARGET = 9.0;
				LD_RUNPATH_SEARCH_PATHS = "$(inherited) @executable_path/Frameworks";
				PRODUCT_BUNDLE_IDENTIFIER = com.slfinance.XJPhotoBrower;
				PRODUCT_NAME = "$(TARGET_NAME)";
				SWIFT_VERSION = 3.0;
			};
			name = Debug;
		};
		972C58E31EE25074008B4A81 /* Release */ = {
			isa = XCBuildConfiguration;
			buildSettings = {
				ASSETCATALOG_COMPILER_APPICON_NAME = AppIcon;
				DEVELOPMENT_TEAM = 4A75LEU8F4;
				INFOPLIST_FILE = "$(SRCROOT)/XJPhotoBrower/Classes/System/Info.plist";
				IPHONEOS_DEPLOYMENT_TARGET = 9.0;
				LD_RUNPATH_SEARCH_PATHS = "$(inherited) @executable_path/Frameworks";
				PRODUCT_BUNDLE_IDENTIFIER = com.slfinance.XJPhotoBrower;
				PRODUCT_NAME = "$(TARGET_NAME)";
				SWIFT_VERSION = 3.0;
			};
			name = Release;
		};
/* End XCBuildConfiguration section */

/* Begin XCConfigurationList section */
		972C58CA1EE25073008B4A81 /* Build configuration list for PBXProject "XJPhotoBrower" */ = {
			isa = XCConfigurationList;
			buildConfigurations = (
				972C58DF1EE25074008B4A81 /* Debug */,
				972C58E01EE25074008B4A81 /* Release */,
			);
			defaultConfigurationIsVisible = 0;
			defaultConfigurationName = Release;
		};
		972C58E11EE25074008B4A81 /* Build configuration list for PBXNativeTarget "XJPhotoBrower" */ = {
			isa = XCConfigurationList;
			buildConfigurations = (
				972C58E21EE25074008B4A81 /* Debug */,
				972C58E31EE25074008B4A81 /* Release */,
			);
			defaultConfigurationIsVisible = 0;
		};
/* End XCConfigurationList section */
	};
	rootObject = 972C58C71EE25073008B4A81 /* Project object */;
}
